
Microsoft Visual Studio Solution File, Format Version 12.00
# Visual Studio Version 16
VisualStudioVersion = 16.0.29613.14
MinimumVisualStudioVersion = 10.0.40219.1
Project("{FAE04EC0-301F-11D3-BF4B-00C04F79EFBC}") = "DXF Converter", "DXF Converter.csproj", "{87972370-5FC3-43FA-A37D-EF4B3FFF6CD4}"
EndProject
Global
	GlobalSection(SolutionConfigurationPlatforms) = preSolution
		Debug|Any CPU = Debug|Any CPU
		Release|Any CPU = Release|Any CPU
	EndGlobalSection
	GlobalSection(ProjectConfigurationPlatforms) = postSolution
		{87972370-5FC3-43FA-A37D-EF4B3FFF6CD4}.Debug|Any CPU.ActiveCfg = Debug|Any CPU
		{87972370-5FC3-43FA-A37D-EF4B3FFF6CD4}.Debug|Any CPU.Build.0 = Debug|Any CPU
		{87972370-5FC3-43FA-A37D-EF4B3FFF6CD4}.Release|Any CPU.ActiveCfg = Release|Any CPU
		{87972370-5FC3-43FA-A37D-EF4B3FFF6CD4}.Release|Any CPU.Build.0 = Release|Any CPU
	EndGlobalSection
	GlobalSection(SolutionProperties) = preSolution
		HideSolutionNode = FALSE
	EndGlobalSection
	GlobalSection(ExtensibilityGlobals) = postSolution
		SolutionGuid = {B03B9302-3AB7-4F26-94E7-02C3AD29A4F3}
	EndGlobalSection
EndGlobal
